
Microsoft Visual Studio Solution File, Format Version 12.00
# Visual Studio Express 2013 for Windows Desktop
VisualStudioVersion = 12.0.21005.1
MinimumVisualStudioVersion = 10.0.40219.1
Project("{F184B08F-C81C-45F6-A57F-5ABD9991F28F}") = "捕捉例外順序問題", "捕捉例外順序問題.vbproj", "{F21A4B6C-AD82-4D6B-B352-3A31DD56D36B}"
EndProject
Global
	GlobalSection(SolutionConfigurationPlatforms) = preSolution
		Debug|Any CPU = Debug|Any CPU
		Release|Any CPU = Release|Any CPU
	EndGlobalSection
	GlobalSection(ProjectConfigurationPlatforms) = postSolution
		{F21A4B6C-AD82-4D6B-B352-3A31DD56D36B}.Debug|Any CPU.ActiveCfg = Debug|Any CPU
		{F21A4B6C-AD82-4D6B-B352-3A31DD56D36B}.Debug|Any CPU.Build.0 = Debug|Any CPU
		{F21A4B6C-AD82-4D6B-B352-3A31DD56D36B}.Release|Any CPU.ActiveCfg = Release|Any CPU
		{F21A4B6C-AD82-4D6B-B352-3A31DD56D36B}.Release|Any CPU.Build.0 = Release|Any CPU
	EndGlobalSection
	GlobalSection(SolutionProperties) = preSolution
		HideSolutionNode = FALSE
	EndGlobalSection
EndGlobal
